
Microsoft Visual Studio Solution File, Format Version 12.00
# Visual Studio Version 17
VisualStudioVersion = 17.1.32319.34
MinimumVisualStudioVersion = 10.0.40219.1
Project("{FAE04EC0-301F-11D3-BF4B-00C04F79EFBC}") = "XadrezConsole", "XadrezConsole\XadrezConsole.csproj", "{A6D8DBF9-EDDD-4EF3-8A48-6DCD64DA2211}"
EndProject
Global
	GlobalSection(SolutionConfigurationPlatforms) = preSolution
		Debug|Any CPU = Debug|Any CPU
		Release|Any CPU = Release|Any CPU
	EndGlobalSection
	GlobalSection(ProjectConfigurationPlatforms) = postSolution
		{A6D8DBF9-EDDD-4EF3-8A48-6DCD64DA2211}.Debug|Any CPU.ActiveCfg = Debug|Any CPU
		{A6D8DBF9-EDDD-4EF3-8A48-6DCD64DA2211}.Debug|Any CPU.Build.0 = Debug|Any CPU
		{A6D8DBF9-EDDD-4EF3-8A48-6DCD64DA2211}.Release|Any CPU.ActiveCfg = Release|Any CPU
		{A6D8DBF9-EDDD-4EF3-8A48-6DCD64DA2211}.Release|Any CPU.Build.0 = Release|Any CPU
	EndGlobalSection
	GlobalSection(SolutionProperties) = preSolution
		HideSolutionNode = FALSE
	EndGlobalSection
	GlobalSection(ExtensibilityGlobals) = postSolution
		SolutionGuid = {B0094864-BAC1-4696-B4AB-8DA52DB94DA0}
	EndGlobalSection
EndGlobal
